
Microsoft Visual Studio Solution File, Format Version 12.00
Project("{FAE04EC0-301F-11D3-BF4B-00C04F79EFBC}") = "GTM.app", "GTM.app\GTM.app.csproj", "{3E25748C-19DB-470F-9565-DB6EC8EEE2F0}"
EndProject
Global
	GlobalSection(SolutionConfigurationPlatforms) = preSolution
		Debug|Any CPU = Debug|Any CPU
		Release|Any CPU = Release|Any CPU
	EndGlobalSection
	GlobalSection(ProjectConfigurationPlatforms) = postSolution
		{3E25748C-19DB-470F-9565-DB6EC8EEE2F0}.Debug|Any CPU.ActiveCfg = Debug|Any CPU
		{3E25748C-19DB-470F-9565-DB6EC8EEE2F0}.Debug|Any CPU.Build.0 = Debug|Any CPU
		{3E25748C-19DB-470F-9565-DB6EC8EEE2F0}.Release|Any CPU.ActiveCfg = Release|Any CPU
		{3E25748C-19DB-470F-9565-DB6EC8EEE2F0}.Release|Any CPU.Build.0 = Release|Any CPU
	EndGlobalSection
EndGlobal
